
Microsoft Visual Studio Solution File, Format Version 12.00
# Visual Studio Version 16
VisualStudioVersion = 16.0.31424.327
MinimumVisualStudioVersion = 10.0.40219.1
Project("{FAE04EC0-301F-11D3-BF4B-00C04F79EFBC}") = "LibroApp", "LibroApp\LibroApp.csproj", "{0CFD7711-9FB1-4251-969F-875AF9F91CC5}"
EndProject
Global
	GlobalSection(SolutionConfigurationPlatforms) = preSolution
		Debug|Any CPU = Debug|Any CPU
		Release|Any CPU = Release|Any CPU
	EndGlobalSection
	GlobalSection(ProjectConfigurationPlatforms) = postSolution
		{0CFD7711-9FB1-4251-969F-875AF9F91CC5}.Debug|Any CPU.ActiveCfg = Debug|Any CPU
		{0CFD7711-9FB1-4251-969F-875AF9F91CC5}.Debug|Any CPU.Build.0 = Debug|Any CPU
		{0CFD7711-9FB1-4251-969F-875AF9F91CC5}.Release|Any CPU.ActiveCfg = Release|Any CPU
		{0CFD7711-9FB1-4251-969F-875AF9F91CC5}.Release|Any CPU.Build.0 = Release|Any CPU
	EndGlobalSection
	GlobalSection(SolutionProperties) = preSolution
		HideSolutionNode = FALSE
	EndGlobalSection
	GlobalSection(ExtensibilityGlobals) = postSolution
		SolutionGuid = {FB858B76-84C7-43F4-B65B-0E9A0FBCB68A}
	EndGlobalSection
EndGlobal
